
Microsoft Visual Studio Solution File, Format Version 10.00
# Visual Studio 2008
Project("{FAE04EC0-301F-11D3-BF4B-00C04F79EFBC}") = "shooter-model", "shooter-model\shooter-model.csproj", "{77652C05-5978-49F0-85DF-E3A1CFB5A9C2}"
EndProject
Project("{FAE04EC0-301F-11D3-BF4B-00C04F79EFBC}") = "shooter-serializer", "shooter-serializer\shooter-serializer.csproj", "{BD72D4C5-3A38-4136-95DA-1BE944BBFE2F}"
EndProject
Global
	GlobalSection(SolutionConfigurationPlatforms) = preSolution
		Debug|Any CPU = Debug|Any CPU
		Release|Any CPU = Release|Any CPU
	EndGlobalSection
	GlobalSection(ProjectConfigurationPlatforms) = postSolution
		{77652C05-5978-49F0-85DF-E3A1CFB5A9C2}.Debug|Any CPU.ActiveCfg = Debug|Any CPU
		{77652C05-5978-49F0-85DF-E3A1CFB5A9C2}.Debug|Any CPU.Build.0 = Debug|Any CPU
		{77652C05-5978-49F0-85DF-E3A1CFB5A9C2}.Release|Any CPU.ActiveCfg = Release|Any CPU
		{77652C05-5978-49F0-85DF-E3A1CFB5A9C2}.Release|Any CPU.Build.0 = Release|Any CPU
		{BD72D4C5-3A38-4136-95DA-1BE944BBFE2F}.Debug|Any CPU.ActiveCfg = Debug|Any CPU
		{BD72D4C5-3A38-4136-95DA-1BE944BBFE2F}.Debug|Any CPU.Build.0 = Debug|Any CPU
		{BD72D4C5-3A38-4136-95DA-1BE944BBFE2F}.Release|Any CPU.ActiveCfg = Release|Any CPU
		{BD72D4C5-3A38-4136-95DA-1BE944BBFE2F}.Release|Any CPU.Build.0 = Release|Any CPU
	EndGlobalSection
	GlobalSection(MonoDevelopProperties) = preSolution
		StartupItem = shooter-serializer\shooter-serializer.csproj
	EndGlobalSection
EndGlobal
