Microsoft Visual Studio Solution File, Format Version 11.00
# Visual Studio 2008

Project("{10CCAE06-3F01-5912-FC81-D21AEE260B98}") = "character-editor", "Assembly-CSharp.csproj", "{54FE50E1-375F-16C4-6D58-3F6755A1257D}"
EndProject
Global
	GlobalSection(SolutionConfigurationPlatforms) = preSolution
		Debug|Any CPU = Debug|Any CPU
		Release|Any CPU = Release|Any CPU
	EndGlobalSection
	GlobalSection(ProjectConfigurationPlatforms) = postSolution
		{54FE50E1-375F-16C4-6D58-3F6755A1257D}.Debug|Any CPU.ActiveCfg = Debug|Any CPU
		{54FE50E1-375F-16C4-6D58-3F6755A1257D}.Debug|Any CPU.Build.0 = Debug|Any CPU
		{54FE50E1-375F-16C4-6D58-3F6755A1257D}.Release|Any CPU.ActiveCfg = Release|Any CPU
		{54FE50E1-375F-16C4-6D58-3F6755A1257D}.Release|Any CPU.Build.0 = Release|Any CPU
	EndGlobalSection
	GlobalSection(SolutionProperties) = preSolution
		HideSolutionNode = FALSE
	EndGlobalSection
			GlobalSection(MonoDevelopProperties) = preSolution
		StartupItem = Assembly-CSharp.csproj
		Policies = $0
		$0.TextStylePolicy = $1
		$1.inheritsSet = null
		$1.scope = text/x-csharp
		$0.CSharpFormattingPolicy = $2
		$2.inheritsSet = Mono
		$2.inheritsScope = text/x-csharp
		$2.scope = text/x-csharp
		$0.TextStylePolicy = $3
		$3.FileWidth = 120
		$3.TabWidth = 4
		$3.IndentWidth = 4
		$3.EolMarker = Unix
		$3.inheritsSet = Mono
		$3.inheritsScope = text/plain
		$3.scope = text/plain
	EndGlobalSection

EndGlobal
